
Microsoft Visual Studio Solution File, Format Version 12.00
# Visual Studio 15
VisualStudioVersion = 15.0.28307.852
MinimumVisualStudioVersion = 10.0.40219.1
Project("{D954291E-2A0B-460D-934E-DC6B0785DB48}") = "Final", "Final\Final.shproj", "{D113A35B-27FB-4924-B07C-67B0A0ACA1CF}"
EndProject
Global
	GlobalSection(SharedMSBuildProjectFiles) = preSolution
		Final\Final.projitems*{d113a35b-27fb-4924-b07c-67b0a0aca1cf}*SharedItemsImports = 13
	EndGlobalSection
	GlobalSection(SolutionProperties) = preSolution
		HideSolutionNode = FALSE
	EndGlobalSection
	GlobalSection(ExtensibilityGlobals) = postSolution
		SolutionGuid = {D6E0D426-A4CF-4FA6-96D5-CED5CD5A96F1}
	EndGlobalSection
EndGlobal
